Microsoft Visual Studio Solution File, Format Version 12.00
# Visual Studio Version 17
VisualStudioVersion = 17.5.2.0
MinimumVisualStudioVersion = 10.0.40219.1
Project("{FAE04EC0-301F-11D3-BF4B-00C04F79EFBC}") = "Blog3", "Blog3.csproj", "{E1D5A09E-FE0A-9CE8-0FAB-11ED5C0C245C}"
EndProject
Global
	GlobalSection(SolutionConfigurationPlatforms) = preSolution
		Debug|Any CPU = Debug|Any CPU
		Release|Any CPU = Release|Any CPU
	EndGlobalSection
	GlobalSection(ProjectConfigurationPlatforms) = postSolution
		{E1D5A09E-FE0A-9CE8-0FAB-11ED5C0C245C}.Debug|Any CPU.ActiveCfg = Debug|Any CPU
		{E1D5A09E-FE0A-9CE8-0FAB-11ED5C0C245C}.Debug|Any CPU.Build.0 = Debug|Any CPU
		{E1D5A09E-FE0A-9CE8-0FAB-11ED5C0C245C}.Release|Any CPU.ActiveCfg = Release|Any CPU
		{E1D5A09E-FE0A-9CE8-0FAB-11ED5C0C245C}.Release|Any CPU.Build.0 = Release|Any CPU
	EndGlobalSection
	GlobalSection(SolutionProperties) = preSolution
		HideSolutionNode = FALSE
	EndGlobalSection
	GlobalSection(ExtensibilityGlobals) = postSolution
		SolutionGuid = {EF488143-F34D-4892-93E4-7678406B41C6}
	EndGlobalSection
EndGlobal
